
Microsoft Visual Studio Solution File, Format Version 12.00
# Visual Studio Version 17
VisualStudioVersion = 17.0.32112.339
MinimumVisualStudioVersion = 10.0.40219.1
Project("{FAE04EC0-301F-11D3-BF4B-00C04F79EFBC}") = "prog1ByteBank", "prog1ByteBank\prog1ByteBank.csproj", "{411AB99E-51B4-49EB-8492-FBE964886812}"
EndProject
Global
	GlobalSection(SolutionConfigurationPlatforms) = preSolution
		Debug|Any CPU = Debug|Any CPU
		Release|Any CPU = Release|Any CPU
	EndGlobalSection
	GlobalSection(ProjectConfigurationPlatforms) = postSolution
		{411AB99E-51B4-49EB-8492-FBE964886812}.Debug|Any CPU.ActiveCfg = Debug|Any CPU
		{411AB99E-51B4-49EB-8492-FBE964886812}.Debug|Any CPU.Build.0 = Debug|Any CPU
		{411AB99E-51B4-49EB-8492-FBE964886812}.Release|Any CPU.ActiveCfg = Release|Any CPU
		{411AB99E-51B4-49EB-8492-FBE964886812}.Release|Any CPU.Build.0 = Release|Any CPU
	EndGlobalSection
	GlobalSection(SolutionProperties) = preSolution
		HideSolutionNode = FALSE
	EndGlobalSection
	GlobalSection(ExtensibilityGlobals) = postSolution
		SolutionGuid = {DD1706E4-E49E-42F3-801C-8ABE907DC682}
	EndGlobalSection
EndGlobal
